
Microsoft Visual Studio Solution File, Format Version 12.00
# Visual Studio 2012
Project("{FAE04EC0-301F-11D3-BF4B-00C04F79EFBC}") = "XamariniOSActivityIndicator", "XamariniOSActivityIndicator\XamariniOSActivityIndicator.csproj", "{4F4B261F-8A77-4DCA-A4F1-FDC32D82584D}"
EndProject
Global
	GlobalSection(SolutionConfigurationPlatforms) = preSolution
		Debug|iPhoneSimulator = Debug|iPhoneSimulator
		Release|iPhone = Release|iPhone
		Release|iPhoneSimulator = Release|iPhoneSimulator
		Debug|iPhone = Debug|iPhone
	EndGlobalSection
	GlobalSection(ProjectConfigurationPlatforms) = postSolution
		{4F4B261F-8A77-4DCA-A4F1-FDC32D82584D}.Debug|iPhoneSimulator.ActiveCfg = Debug|iPhoneSimulator
		{4F4B261F-8A77-4DCA-A4F1-FDC32D82584D}.Debug|iPhoneSimulator.Build.0 = Debug|iPhoneSimulator
		{4F4B261F-8A77-4DCA-A4F1-FDC32D82584D}.Release|iPhone.ActiveCfg = Release|iPhone
		{4F4B261F-8A77-4DCA-A4F1-FDC32D82584D}.Release|iPhone.Build.0 = Release|iPhone
		{4F4B261F-8A77-4DCA-A4F1-FDC32D82584D}.Release|iPhoneSimulator.ActiveCfg = Release|iPhoneSimulator
		{4F4B261F-8A77-4DCA-A4F1-FDC32D82584D}.Release|iPhoneSimulator.Build.0 = Release|iPhoneSimulator
		{4F4B261F-8A77-4DCA-A4F1-FDC32D82584D}.Debug|iPhone.ActiveCfg = Debug|iPhone
		{4F4B261F-8A77-4DCA-A4F1-FDC32D82584D}.Debug|iPhone.Build.0 = Debug|iPhone
	EndGlobalSection
EndGlobal
